// !$*UTF8*$!
{
	archiveVersion = 1;
	classes = {
	};
	objectVersion = 50;
	objects = {

/* Begin PBXBuildFile section */
		6A48E9BE273384FD002E1E9C /* AppDelegate.swift in Sources */ = {isa = PBXBuildFile; fileRef = 6A48E9BD273384FD002E1E9C /* AppDelegate.swift */; };
		6A48E9C3273384FD002E1E9C /* Main.storyboard in Resources */ = {isa = PBXBuildFile; fileRef = 6A48E9C1273384FD002E1E9C /* Main.storyboard */; };
		6A48E9C8273384FF002E1E9C /* LaunchScreen.storyboard in Resources */ = {isa = PBXBuildFile; fileRef = 6A48E9C6273384FF002E1E9C /* LaunchScreen.storyboard */; };
		6A48E9F427338913002E1E9C /* ProfileViewController.swift in Sources */ = {isa = PBXBuildFile; fileRef = 6A48E9F327338913002E1E9C /* ProfileViewController.swift */; };
		6A48E9F72733891A002E1E9C /* SearchViewController.swift in Sources */ = {isa = PBXBuildFile; fileRef = 6A48E9F62733891A002E1E9C /* SearchViewController.swift */; };
		6A48E9FD27338929002E1E9C /* DetailViewController.swift in Sources */ = {isa = PBXBuildFile; fileRef = 6A48E9FC27338929002E1E9C /* DetailViewController.swift */; };
		6A48EA0327338D4D002E1E9C /* VideosTableViewCell.swift in Sources */ = {isa = PBXBuildFile; fileRef = 6A48EA0127338D4D002E1E9C /* VideosTableViewCell.swift */; };
		6A48EA0427338D4D002E1E9C /* VideosTableViewCell.xib in Resources */ = {isa = PBXBuildFile; fileRef = 6A48EA0227338D4D002E1E9C /* VideosTableViewCell.xib */; };
		6A48EA0827338D61002E1E9C /* VideosCollectionViewCell.swift in Sources */ = {isa = PBXBuildFile; fileRef = 6A48EA0627338D61002E1E9C /* VideosCollectionViewCell.swift */; };
		6A48EA0927338D61002E1E9C /* VideosCollectionViewCell.xib in Resources */ = {isa = PBXBuildFile; fileRef = 6A48EA0727338D61002E1E9C /* VideosCollectionViewCell.xib */; };
		6A48EA0D27338D6E002E1E9C /* ClassifiedCollectionViewCell.swift in Sources */ = {isa = PBXBuildFile; fileRef = 6A48EA0B27338D6E002E1E9C /* ClassifiedCollectionViewCell.swift */; };
		6A48EA0E27338D6E002E1E9C /* ClassifiedCollectionViewCell.xib in Resources */ = {isa = PBXBuildFile; fileRef = 6A48EA0C27338D6E002E1E9C /* ClassifiedCollectionViewCell.xib */; };
		6A48EA1227338D78002E1E9C /* ToolsCollectionViewCell.swift in Sources */ = {isa = PBXBuildFile; fileRef = 6A48EA1027338D78002E1E9C /* ToolsCollectionViewCell.swift */; };
		6A48EA1327338D78002E1E9C /* ToolsCollectionViewCell.xib in Resources */ = {isa = PBXBuildFile; fileRef = 6A48EA1127338D78002E1E9C /* ToolsCollectionViewCell.xib */; };
		6A48EA1A27341B10002E1E9C /* HomeViewController.swift in Sources */ = {isa = PBXBuildFile; fileRef = 6A48EA1927341B10002E1E9C /* HomeViewController.swift */; };
		6A48EA1E27341D71002E1E9C /* Assets.xcassets in Resources */ = {isa = PBXBuildFile; fileRef = 6A48EA1D27341D71002E1E9C /* Assets.xcassets */; };
/* End PBXBuildFile section */

/* Begin PBXFileReference section */
		6A48E9BA273384FD002E1E9C /* TVOSApplication.app */ = {isa = PBXFileReference; explicitFileType = wrapper.application; includeInIndex = 0; path = TVOSApplication.app; sourceTree = BUILT_PRODUCTS_DIR; };
		6A48E9BD273384FD002E1E9C /* AppDelegate.swift */ = {isa = PBXFileReference; lastKnownFileType = sourcecode.swift; path = AppDelegate.swift; sourceTree = "<group>"; };
		6A48E9C2273384FD002E1E9C /* Base */ = {isa = PBXFileReference; lastKnownFileType = file.storyboard; name = Base; path = Base.lproj/Main.storyboard; sourceTree = "<group>"; };
		6A48E9C7273384FF002E1E9C /* Base */ = {isa = PBXFileReference; lastKnownFileType = file.storyboard; name = Base; path = Base.lproj/LaunchScreen.storyboard; sourceTree = "<group>"; };
		6A48E9C9273384FF002E1E9C /* Info.plist */ = {isa = PBXFileReference; lastKnownFileType = text.plist.xml; path = Info.plist; sourceTree = "<group>"; };
		6A48E9F327338913002E1E9C /* ProfileViewController.swift */ = {isa = PBXFileReference; lastKnownFileType = sourcecode.swift; path = ProfileViewController.swift; sourceTree = "<group>"; };
		6A48E9F62733891A002E1E9C /* SearchViewController.swift */ = {isa = PBXFileReference; lastKnownFileType = sourcecode.swift; path = SearchViewController.swift; sourceTree = "<group>"; };
		6A48E9FC27338929002E1E9C /* DetailViewController.swift */ = {isa = PBXFileReference; lastKnownFileType = sourcecode.swift; path = DetailViewController.swift; sourceTree = "<group>"; };
		6A48EA0127338D4D002E1E9C /* VideosTableViewCell.swift */ = {isa = PBXFileReference; lastKnownFileType = sourcecode.swift; path = VideosTableViewCell.swift; sourceTree = "<group>"; };
		6A48EA0227338D4D002E1E9C /* VideosTableViewCell.xib */ = {isa = PBXFileReference; lastKnownFileType = file.xib; path = VideosTableViewCell.xib; sourceTree = "<group>"; };
		6A48EA0627338D61002E1E9C /* VideosCollectionViewCell.swift */ = {isa = PBXFileReference; lastKnownFileType = sourcecode.swift; path = VideosCollectionViewCell.swift; sourceTree = "<group>"; };
		6A48EA0727338D61002E1E9C /* VideosCollectionViewCell.xib */ = {isa = PBXFileReference; lastKnownFileType = file.xib; path = VideosCollectionViewCell.xib; sourceTree = "<group>"; };
		6A48EA0B27338D6E002E1E9C /* ClassifiedCollectionViewCell.swift */ = {isa = PBXFileReference; lastKnownFileType = sourcecode.swift; path = ClassifiedCollectionViewCell.swift; sourceTree = "<group>"; };
		6A48EA0C27338D6E002E1E9C /* ClassifiedCollectionViewCell.xib */ = {isa = PBXFileReference; lastKnownFileType = file.xib; path = ClassifiedCollectionViewCell.xib; sourceTree = "<group>"; };
		6A48EA1027338D78002E1E9C /* ToolsCollectionViewCell.swift */ = {isa = PBXFileReference; lastKnownFileType = sourcecode.swift; path = ToolsCollectionViewCell.swift; sourceTree = "<group>"; };
		6A48EA1127338D78002E1E9C /* ToolsCollectionViewCell.xib */ = {isa = PBXFileReference; lastKnownFileType = file.xib; path = ToolsCollectionViewCell.xib; sourceTree = "<group>"; };
		6A48EA1927341B10002E1E9C /* HomeViewController.swift */ = {isa = PBXFileReference; lastKnownFileType = sourcecode.swift; path = HomeViewController.swift; sourceTree = "<group>"; };
		6A48EA1D27341D71002E1E9C /* Assets.xcassets */ = {isa = PBXFileReference; lastKnownFileType = folder.assetcatalog; path = Assets.xcassets; sourceTree = "<group>"; };
/* End PBXFileReference section */

/* Begin PBXFrameworksBuildPhase section */
		6A48E9B7273384FC002E1E9C /* Frameworks */ = {
			isa = PBXFrameworksBuildPhase;
			buildActionMask = 2147483647;
			files = (
			);
			runOnlyForDeploymentPostprocessing = 0;
		};
/* End PBXFrameworksBuildPhase section */

/* Begin PBXGroup section */
		6A48E9B1273384FC002E1E9C = {
			isa = PBXGroup;
			children = (
				6A48E9BC273384FD002E1E9C /* TVOSApplication */,
				6A48E9BB273384FD002E1E9C /* Products */,
			);
			sourceTree = "<group>";
		};
		6A48E9BB273384FD002E1E9C /* Products */ = {
			isa = PBXGroup;
			children = (
				6A48E9BA273384FD002E1E9C /* TVOSApplication.app */,
			);
			name = Products;
			sourceTree = "<group>";
		};
		6A48E9BC273384FD002E1E9C /* TVOSApplication */ = {
			isa = PBXGroup;
			children = (
				6A48E9EF273388BE002E1E9C /* Profile */,
				6A48E9EE273388B6002E1E9C /* Search */,
				6A48E9ED273388B2002E1E9C /* Home */,
				6A48E9EC273388AE002E1E9C /* Detail */,
				6A48E9DE273385E7002E1E9C /* Delegate */,
				6A48E9C1273384FD002E1E9C /* Main.storyboard */,
				6A48EA1D27341D71002E1E9C /* Assets.xcassets */,
				6A48E9C6273384FF002E1E9C /* LaunchScreen.storyboard */,
				6A48E9C9273384FF002E1E9C /* Info.plist */,
			);
			path = TVOSApplication;
			sourceTree = "<group>";
		};
		6A48E9DE273385E7002E1E9C /* Delegate */ = {
			isa = PBXGroup;
			children = (
				6A48E9BD273384FD002E1E9C /* AppDelegate.swift */,
			);
			path = Delegate;
			sourceTree = "<group>";
		};
		6A48E9EC273388AE002E1E9C /* Detail */ = {
			isa = PBXGroup;
			children = (
				6A48E9FC27338929002E1E9C /* DetailViewController.swift */,
			);
			path = Detail;
			sourceTree = "<group>";
		};
		6A48E9ED273388B2002E1E9C /* Home */ = {
			isa = PBXGroup;
			children = (
				6A48EA1627341906002E1E9C /* Controllers */,
				6A48E9FF2733892C002E1E9C /* Views */,
			);
			path = Home;
			sourceTree = "<group>";
		};
		6A48E9EE273388B6002E1E9C /* Search */ = {
			isa = PBXGroup;
			children = (
				6A48E9F62733891A002E1E9C /* SearchViewController.swift */,
			);
			path = Search;
			sourceTree = "<group>";
		};
		6A48E9EF273388BE002E1E9C /* Profile */ = {
			isa = PBXGroup;
			children = (
				6A48E9F327338913002E1E9C /* ProfileViewController.swift */,
			);
			path = Profile;
			sourceTree = "<group>";
		};
		6A48E9FF2733892C002E1E9C /* Views */ = {
			isa = PBXGroup;
			children = (
				6A48EA0127338D4D002E1E9C /* VideosTableViewCell.swift */,
				6A48EA0227338D4D002E1E9C /* VideosTableViewCell.xib */,
				6A48EA0627338D61002E1E9C /* VideosCollectionViewCell.swift */,
				6A48EA0727338D61002E1E9C /* VideosCollectionViewCell.xib */,
				6A48EA0B27338D6E002E1E9C /* ClassifiedCollectionViewCell.swift */,
				6A48EA0C27338D6E002E1E9C /* ClassifiedCollectionViewCell.xib */,
				6A48EA1027338D78002E1E9C /* ToolsCollectionViewCell.swift */,
				6A48EA1127338D78002E1E9C /* ToolsCollectionViewCell.xib */,
			);
			path = Views;
			sourceTree = "<group>";
		};
		6A48EA1627341906002E1E9C /* Controllers */ = {
			isa = PBXGroup;
			children = (
				6A48EA1927341B10002E1E9C /* HomeViewController.swift */,
			);
			path = Controllers;
			sourceTree = "<group>";
		};
/* End PBXGroup section */

/* Begin PBXNativeTarget section */
		6A48E9B9273384FC002E1E9C /* TVOSApplication */ = {
			isa = PBXNativeTarget;
			buildConfigurationList = 6A48E9CC273384FF002E1E9C /* Build configuration list for PBXNativeTarget "TVOSApplication" */;
			buildPhases = (
				6A48E9B6273384FC002E1E9C /* Sources */,
				6A48E9B7273384FC002E1E9C /* Frameworks */,
				6A48E9B8273384FC002E1E9C /* Resources */,
			);
			buildRules = (
			);
			dependencies = (
			);
			name = TVOSApplication;
			productName = TVOSApplication;
			productReference = 6A48E9BA273384FD002E1E9C /* TVOSApplication.app */;
			productType = "com.apple.product-type.application";
		};
/* End PBXNativeTarget section */

/* Begin PBXProject section */
		6A48E9B2273384FC002E1E9C /* Project object */ = {
			isa = PBXProject;
			attributes = {
				LastSwiftUpdateCheck = 1220;
				LastUpgradeCheck = 1220;
				TargetAttributes = {
					6A48E9B9273384FC002E1E9C = {
						CreatedOnToolsVersion = 12.2;
					};
				};
			};
			buildConfigurationList = 6A48E9B5273384FC002E1E9C /* Build configuration list for PBXProject "TVOSApplication" */;
			compatibilityVersion = "Xcode 9.3";
			developmentRegion = en;
			hasScannedForEncodings = 0;
			knownRegions = (
				en,
				Base,
			);
			mainGroup = 6A48E9B1273384FC002E1E9C;
			productRefGroup = 6A48E9BB273384FD002E1E9C /* Products */;
			projectDirPath = "";
			projectRoot = "";
			targets = (
				6A48E9B9273384FC002E1E9C /* TVOSApplication */,
			);
		};
/* End PBXProject section */

/* Begin PBXResourcesBuildPhase section */
		6A48E9B8273384FC002E1E9C /* Resources */ = {
			isa = PBXResourcesBuildPhase;
			buildActionMask = 2147483647;
			files = (
				6A48E9C8273384FF002E1E9C /* LaunchScreen.storyboard in Resources */,
				6A48EA0427338D4D002E1E9C /* VideosTableViewCell.xib in Resources */,
				6A48EA0927338D61002E1E9C /* VideosCollectionViewCell.xib in Resources */,
				6A48EA0E27338D6E002E1E9C /* ClassifiedCollectionViewCell.xib in Resources */,
				6A48EA1E27341D71002E1E9C /* Assets.xcassets in Resources */,
				6A48E9C3273384FD002E1E9C /* Main.storyboard in Resources */,
				6A48EA1327338D78002E1E9C /* ToolsCollectionViewCell.xib in Resources */,
			);
			runOnlyForDeploymentPostprocessing = 0;
		};
/* End PBXResourcesBuildPhase section */

/* Begin PBXSourcesBuildPhase section */
		6A48E9B6273384FC002E1E9C /* Sources */ = {
			isa = PBXSourcesBuildPhase;
			buildActionMask = 2147483647;
			files = (
				6A48E9F72733891A002E1E9C /* SearchViewController.swift in Sources */,
				6A48EA0327338D4D002E1E9C /* VideosTableViewCell.swift in Sources */,
				6A48EA0827338D61002E1E9C /* VideosCollectionViewCell.swift in Sources */,
				6A48E9F427338913002E1E9C /* ProfileViewController.swift in Sources */,
				6A48E9FD27338929002E1E9C /* DetailViewController.swift in Sources */,
				6A48EA1A27341B10002E1E9C /* HomeViewController.swift in Sources */,
				6A48E9BE273384FD002E1E9C /* AppDelegate.swift in Sources */,
				6A48EA0D27338D6E002E1E9C /* ClassifiedCollectionViewCell.swift in Sources */,
				6A48EA1227338D78002E1E9C /* ToolsCollectionViewCell.swift in Sources */,
			);
			runOnlyForDeploymentPostprocessing = 0;
		};
/* End PBXSourcesBuildPhase section */

/* Begin PBXVariantGroup section */
		6A48E9C1273384FD002E1E9C /* Main.storyboard */ = {
			isa = PBXVariantGroup;
			children = (
				6A48E9C2273384FD002E1E9C /* Base */,
			);
			name = Main.storyboard;
			sourceTree = "<group>";
		};
		6A48E9C6273384FF002E1E9C /* LaunchScreen.storyboard */ = {
			isa = PBXVariantGroup;
			children = (
				6A48E9C7273384FF002E1E9C /* Base */,
			);
			name = LaunchScreen.storyboard;
			sourceTree = "<group>";
		};
/* End PBXVariantGroup section */

/* Begin XCBuildConfiguration section */
		6A48E9CA273384FF002E1E9C /* Debug */ = {
			isa = XCBuildConfiguration;
			buildSettings = {
				ALWAYS_SEARCH_USER_PATHS = NO;
				CLANG_ANALYZER_NONNULL = YES;
				CLANG_ANALYZER_NUMBER_OBJECT_CONVERSION = YES_AGGRESSIVE;
				CLANG_CXX_LANGUAGE_STANDARD = "gnu++14";
				CLANG_CXX_LIBRARY = "libc++";
				CLANG_ENABLE_MODULES = YES;
				CLANG_ENABLE_OBJC_ARC = YES;
				CLANG_ENABLE_OBJC_WEAK = YES;
				CLANG_WARN_BLOCK_CAPTURE_AUTORELEASING = YES;
				CLANG_WARN_BOOL_CONVERSION = YES;
				CLANG_WARN_COMMA = YES;
				CLANG_WARN_CONSTANT_CONVERSION = YES;
				CLANG_WARN_DEPRECATED_OBJC_IMPLEMENTATIONS = YES;
				CLANG_WARN_DIRECT_OBJC_ISA_USAGE = YES_ERROR;
				CLANG_WARN_DOCUMENTATION_COMMENTS = YES;
				CLANG_WARN_EMPTY_BODY = YES;
				CLANG_WARN_ENUM_CONVERSION = YES;
				CLANG_WARN_INFINITE_RECURSION = YES;
				CLANG_WARN_INT_CONVERSION = YES;
				CLANG_WARN_NON_LITERAL_NULL_CONVERSION = YES;
				CLANG_WARN_OBJC_IMPLICIT_RETAIN_SELF = YES;
				CLANG_WARN_OBJC_LITERAL_CONVERSION = YES;
				CLANG_WARN_OBJC_ROOT_CLASS = YES_ERROR;
				CLANG_WARN_QUOTED_INCLUDE_IN_FRAMEWORK_HEADER = YES;
				CLANG_WARN_RANGE_LOOP_ANALYSIS = YES;
				CLANG_WARN_STRICT_PROTOTYPES = YES;
				CLANG_WARN_SUSPICIOUS_MOVE = YES;
				CLANG_WARN_UNGUARDED_AVAILABILITY = YES_AGGRESSIVE;
				CLANG_WARN_UNREACHABLE_CODE = YES;
				CLANG_WARN__DUPLICATE_METHOD_MATCH = YES;
				COPY_PHASE_STRIP = NO;
				DEBUG_INFORMATION_FORMAT = dwarf;
				ENABLE_STRICT_OBJC_MSGSEND = YES;
				ENABLE_TESTABILITY = YES;
				GCC_C_LANGUAGE_STANDARD = gnu11;
				GCC_DYNAMIC_NO_PIC = NO;
				GCC_NO_COMMON_BLOCKS = YES;
				GCC_OPTIMIZATION_LEVEL = 0;
				GCC_PREPROCESSOR_DEFINITIONS = (
					"DEBUG=1",
					"$(inherited)",
				);
				GCC_WARN_64_TO_32_BIT_CONVERSION = YES;
				GCC_WARN_ABOUT_RETURN_TYPE = YES_ERROR;
				GCC_WARN_UNDECLARED_SELECTOR = YES;
				GCC_WARN_UNINITIALIZED_AUTOS = YES_AGGRESSIVE;
				GCC_WARN_UNUSED_FUNCTION = YES;
				GCC_WARN_UNUSED_VARIABLE = YES;
				MTL_ENABLE_DEBUG_INFO = INCLUDE_SOURCE;
				MTL_FAST_MATH = YES;
				ONLY_ACTIVE_ARCH = YES;
				SDKROOT = appletvos;
				SWIFT_ACTIVE_COMPILATION_CONDITIONS = DEBUG;
				SWIFT_OPTIMIZATION_LEVEL = "-Onone";
				TVOS_DEPLOYMENT_TARGET = 14.2;
			};
			name = Debug;
		};
		6A48E9CB273384FF002E1E9C /* Release */ = {
			isa = XCBuildConfiguration;
			buildSettings = {
				ALWAYS_SEARCH_USER_PATHS = NO;
				CLANG_ANALYZER_NONNULL = YES;
				CLANG_ANALYZER_NUMBER_OBJECT_CONVERSION = YES_AGGRESSIVE;
				CLANG_CXX_LANGUAGE_STANDARD = "gnu++14";
				CLANG_CXX_LIBRARY = "libc++";
				CLANG_ENABLE_MODULES = YES;
				CLANG_ENABLE_OBJC_ARC = YES;
				CLANG_ENABLE_OBJC_WEAK = YES;
				CLANG_WARN_BLOCK_CAPTURE_AUTORELEASING = YES;
				CLANG_WARN_BOOL_CONVERSION = YES;
				CLANG_WARN_COMMA = YES;
				CLANG_WARN_CONSTANT_CONVERSION = YES;
				CLANG_WARN_DEPRECATED_OBJC_IMPLEMENTATIONS = YES;
				CLANG_WARN_DIRECT_OBJC_ISA_USAGE = YES_ERROR;
				CLANG_WARN_DOCUMENTATION_COMMENTS = YES;
				CLANG_WARN_EMPTY_BODY = YES;
				CLANG_WARN_ENUM_CONVERSION = YES;
				CLANG_WARN_INFINITE_RECURSION = YES;
				CLANG_WARN_INT_CONVERSION = YES;
				CLANG_WARN_NON_LITERAL_NULL_CONVERSION = YES;
				CLANG_WARN_OBJC_IMPLICIT_RETAIN_SELF = YES;
				CLANG_WARN_OBJC_LITERAL_CONVERSION = YES;
				CLANG_WARN_OBJC_ROOT_CLASS = YES_ERROR;
				CLANG_WARN_QUOTED_INCLUDE_IN_FRAMEWORK_HEADER = YES;
				CLANG_WARN_RANGE_LOOP_ANALYSIS = YES;
				CLANG_WARN_STRICT_PROTOTYPES = YES;
				CLANG_WARN_SUSPICIOUS_MOVE = YES;
				CLANG_WARN_UNGUARDED_AVAILABILITY = YES_AGGRESSIVE;
				CLANG_WARN_UNREACHABLE_CODE = YES;
				CLANG_WARN__DUPLICATE_METHOD_MATCH = YES;
				COPY_PHASE_STRIP = NO;
				DEBUG_INFORMATION_FORMAT = "dwarf-with-dsym";
				ENABLE_NS_ASSERTIONS = NO;
				ENABLE_STRICT_OBJC_MSGSEND = YES;
				GCC_C_LANGUAGE_STANDARD = gnu11;
				GCC_NO_COMMON_BLOCKS = YES;
				GCC_WARN_64_TO_32_BIT_CONVERSION = YES;
				GCC_WARN_ABOUT_RETURN_TYPE = YES_ERROR;
				GCC_WARN_UNDECLARED_SELECTOR = YES;
				GCC_WARN_UNINITIALIZED_AUTOS = YES_AGGRESSIVE;
				GCC_WARN_UNUSED_FUNCTION = YES;
				GCC_WARN_UNUSED_VARIABLE = YES;
				MTL_ENABLE_DEBUG_INFO = NO;
				MTL_FAST_MATH = YES;
				SDKROOT = appletvos;
				SWIFT_COMPILATION_MODE = wholemodule;
				SWIFT_OPTIMIZATION_LEVEL = "-O";
				TVOS_DEPLOYMENT_TARGET = 14.2;
				VALIDATE_PRODUCT = YES;
			};
			name = Release;
		};
		6A48E9CD273384FF002E1E9C /* Debug */ = {
			isa = XCBuildConfiguration;
			buildSettings = {
				ASSETCATALOG_COMPILER_APPICON_NAME = "App Icon & Top Shelf Image";
				ASSETCATALOG_COMPILER_GLOBAL_ACCENT_COLOR_NAME = AccentColor;
				CODE_SIGN_STYLE = Automatic;
				DEVELOPMENT_TEAM = J8NYVS8BHV;
				INFOPLIST_FILE = TVOSApplication/Info.plist;
				LD_RUNPATH_SEARCH_PATHS = (
					"$(inherited)",
					"@executable_path/Frameworks",
				);
				PRODUCT_BUNDLE_IDENTIFIER = com.demosample.iOS.TVOSApplication;
				PRODUCT_NAME = "$(TARGET_NAME)";
				SWIFT_VERSION = 5.0;
				TARGETED_DEVICE_FAMILY = 3;
			};
			name = Debug;
		};
		6A48E9CE273384FF002E1E9C /* Release */ = {
			isa = XCBuildConfiguration;
			buildSettings = {
				ASSETCATALOG_COMPILER_APPICON_NAME = "App Icon & Top Shelf Image";
				ASSETCATALOG_COMPILER_GLOBAL_ACCENT_COLOR_NAME = AccentColor;
				CODE_SIGN_STYLE = Automatic;
				DEVELOPMENT_TEAM = J8NYVS8BHV;
				INFOPLIST_FILE = TVOSApplication/Info.plist;
				LD_RUNPATH_SEARCH_PATHS = (
					"$(inherited)",
					"@executable_path/Frameworks",
				);
				PRODUCT_BUNDLE_IDENTIFIER = com.demosample.iOS.TVOSApplication;
				PRODUCT_NAME = "$(TARGET_NAME)";
				SWIFT_VERSION = 5.0;
				TARGETED_DEVICE_FAMILY = 3;
			};
			name = Release;
		};
/* End XCBuildConfiguration section */

/* Begin XCConfigurationList section */
		6A48E9B5273384FC002E1E9C /* Build configuration list for PBXProject "TVOSApplication" */ = {
			isa = XCConfigurationList;
			buildConfigurations = (
				6A48E9CA273384FF002E1E9C /* Debug */,
				6A48E9CB273384FF002E1E9C /* Release */,
			);
			defaultConfigurationIsVisible = 0;
			defaultConfigurationName = Release;
		};
		6A48E9CC273384FF002E1E9C /* Build configuration list for PBXNativeTarget "TVOSApplication" */ = {
			isa = XCConfigurationList;
			buildConfigurations = (
				6A48E9CD273384FF002E1E9C /* Debug */,
				6A48E9CE273384FF002E1E9C /* Release */,
			);
			defaultConfigurationIsVisible = 0;
			defaultConfigurationName = Release;
		};
/* End XCConfigurationList section */
	};
	rootObject = 6A48E9B2273384FC002E1E9C /* Project object */;
}
